// !$*UTF8*$!
{
	archiveVersion = 1;
	classes = {
	};
	objectVersion = 50;
	objects = {

/* Begin PBXBuildFile section */
		00D2C3A09E3EC023D31F827C /* Pods_To_Do_List.framework in Frameworks */ = {isa = PBXBuildFile; fileRef = 598E7BF92A708618F75F90DC /* Pods_To_Do_List.framework */; };
		0C3ABBA421582D1C00AA60AC /* CategoryTableViewController.swift in Sources */ = {isa = PBXBuildFile; fileRef = 0C3ABBA321582D1C00AA60AC /* CategoryTableViewController.swift */; };
		0C7C86B221587378008F1F91 /* Category.swift in Sources */ = {isa = PBXBuildFile; fileRef = 0C7C86B121587378008F1F91 /* Category.swift */; };
		0C7C86B42158737F008F1F91 /* Item.swift in Sources */ = {isa = PBXBuildFile; fileRef = 0C7C86B32158737F008F1F91 /* Item.swift */; };
		0CBA39582159C8CE002D0038 /* SwipeTableViewController.swift in Sources */ = {isa = PBXBuildFile; fileRef = 0CBA39572159C8CE002D0038 /* SwipeTableViewController.swift */; };
		0CE5F6712156A93300056717 /* AppDelegate.swift in Sources */ = {isa = PBXBuildFile; fileRef = 0CE5F6702156A93300056717 /* AppDelegate.swift */; };
		0CE5F6762156A93300056717 /* Main.storyboard in Resources */ = {isa = PBXBuildFile; fileRef = 0CE5F6742156A93300056717 /* Main.storyboard */; };
		0CE5F6782156A93400056717 /* Assets.xcassets in Resources */ = {isa = PBXBuildFile; fileRef = 0CE5F6772156A93400056717 /* Assets.xcassets */; };
		0CE5F67B2156A93400056717 /* LaunchScreen.storyboard in Resources */ = {isa = PBXBuildFile; fileRef = 0CE5F6792156A93400056717 /* LaunchScreen.storyboard */; };
		0CE5F6832156ADFF00056717 /* TodoListTableViewController.swift in Sources */ = {isa = PBXBuildFile; fileRef = 0CE5F6822156ADFF00056717 /* TodoListTableViewController.swift */; };
/* End PBXBuildFile section */

/* Begin PBXFileReference section */
		0C3ABBA321582D1C00AA60AC /* CategoryTableViewController.swift */ = {isa = PBXFileReference; lastKnownFileType = sourcecode.swift; path = CategoryTableViewController.swift; sourceTree = "<group>"; };
		0C7C86B121587378008F1F91 /* Category.swift */ = {isa = PBXFileReference; lastKnownFileType = sourcecode.swift; path = Category.swift; sourceTree = "<group>"; };
		0C7C86B32158737F008F1F91 /* Item.swift */ = {isa = PBXFileReference; lastKnownFileType = sourcecode.swift; path = Item.swift; sourceTree = "<group>"; };
		0CBA39572159C8CE002D0038 /* SwipeTableViewController.swift */ = {isa = PBXFileReference; lastKnownFileType = sourcecode.swift; path = SwipeTableViewController.swift; sourceTree = "<group>"; };
		0CE5F66D2156A93300056717 /* To Do List.app */ = {isa = PBXFileReference; explicitFileType = wrapper.application; includeInIndex = 0; path = "To Do List.app"; sourceTree = BUILT_PRODUCTS_DIR; };
		0CE5F6702156A93300056717 /* AppDelegate.swift */ = {isa = PBXFileReference; lastKnownFileType = sourcecode.swift; path = AppDelegate.swift; sourceTree = "<group>"; };
		0CE5F6752156A93300056717 /* Base */ = {isa = PBXFileReference; lastKnownFileType = file.storyboard; name = Base; path = Base.lproj/Main.storyboard; sourceTree = "<group>"; };
		0CE5F6772156A93400056717 /* Assets.xcassets */ = {isa = PBXFileReference; lastKnownFileType = folder.assetcatalog; path = Assets.xcassets; sourceTree = "<group>"; };
		0CE5F67A2156A93400056717 /* Base */ = {isa = PBXFileReference; lastKnownFileType = file.storyboard; name = Base; path = Base.lproj/LaunchScreen.storyboard; sourceTree = "<group>"; };
		0CE5F67C2156A93400056717 /* Info.plist */ = {isa = PBXFileReference; lastKnownFileType = text.plist.xml; path = Info.plist; sourceTree = "<group>"; };
		0CE5F6822156ADFF00056717 /* TodoListTableViewController.swift */ = {isa = PBXFileReference; lastKnownFileType = sourcecode.swift; path = TodoListTableViewController.swift; sourceTree = "<group>"; };
		3C39DA88A49FDF2DDFBB4539 /* Pods-To Do List.release.xcconfig */ = {isa = PBXFileReference; includeInIndex = 1; lastKnownFileType = text.xcconfig; name = "Pods-To Do List.release.xcconfig"; path = "Pods/Target Support Files/Pods-To Do List/Pods-To Do List.release.xcconfig"; sourceTree = "<group>"; };
		598E7BF92A708618F75F90DC /* Pods_To_Do_List.framework */ = {isa = PBXFileReference; explicitFileType = wrapper.framework; includeInIndex = 0; path = Pods_To_Do_List.framework; sourceTree = BUILT_PRODUCTS_DIR; };
		E15DA79BBAA640636C0B0E82 /* Pods-To Do List.debug.xcconfig */ = {isa = PBXFileReference; includeInIndex = 1; lastKnownFileType = text.xcconfig; name = "Pods-To Do List.debug.xcconfig"; path = "Pods/Target Support Files/Pods-To Do List/Pods-To Do List.debug.xcconfig"; sourceTree = "<group>"; };
/* End PBXFileReference section */

/* Begin PBXFrameworksBuildPhase section */
		0CE5F66A2156A93300056717 /* Frameworks */ = {
			isa = PBXFrameworksBuildPhase;
			buildActionMask = 2147483647;
			files = (
				00D2C3A09E3EC023D31F827C /* Pods_To_Do_List.framework in Frameworks */,
			);
			runOnlyForDeploymentPostprocessing = 0;
		};
/* End PBXFrameworksBuildPhase section */

/* Begin PBXGroup section */
		0CE5F6642156A93300056717 = {
			isa = PBXGroup;
			children = (
				0CE5F66F2156A93300056717 /* To Do List */,
				0CE5F66E2156A93300056717 /* Products */,
				F42260836843B5EFE0C39A16 /* Pods */,
				7620DCA7FEDB10EF2D96C3FF /* Frameworks */,
			);
			sourceTree = "<group>";
		};
		0CE5F66E2156A93300056717 /* Products */ = {
			isa = PBXGroup;
			children = (
				0CE5F66D2156A93300056717 /* To Do List.app */,
			);
			name = Products;
			sourceTree = "<group>";
		};
		0CE5F66F2156A93300056717 /* To Do List */ = {
			isa = PBXGroup;
			children = (
				0CE5F6DD2156FF0400056717 /* Models */,
				0CE5F6852156AE0D00056717 /* Views */,
				0CE5F6842156AE0600056717 /* Controllers */,
				0CE5F6772156A93400056717 /* Assets.xcassets */,
				0CE5F6792156A93400056717 /* LaunchScreen.storyboard */,
				0CE5F67C2156A93400056717 /* Info.plist */,
			);
			path = "To Do List";
			sourceTree = "<group>";
		};
		0CE5F6842156AE0600056717 /* Controllers */ = {
			isa = PBXGroup;
			children = (
				0CE5F6702156A93300056717 /* AppDelegate.swift */,
				0CBA39572159C8CE002D0038 /* SwipeTableViewController.swift */,
				0C3ABBA321582D1C00AA60AC /* CategoryTableViewController.swift */,
				0CE5F6822156ADFF00056717 /* TodoListTableViewController.swift */,
			);
			path = Controllers;
			sourceTree = "<group>";
		};
		0CE5F6852156AE0D00056717 /* Views */ = {
			isa = PBXGroup;
			children = (
				0CE5F6742156A93300056717 /* Main.storyboard */,
			);
			path = Views;
			sourceTree = "<group>";
		};
		0CE5F6DD2156FF0400056717 /* Models */ = {
			isa = PBXGroup;
			children = (
				0C7C86B121587378008F1F91 /* Category.swift */,
				0C7C86B32158737F008F1F91 /* Item.swift */,
			);
			path = Models;
			sourceTree = "<group>";
		};
		7620DCA7FEDB10EF2D96C3FF /* Frameworks */ = {
			isa = PBXGroup;
			children = (
				598E7BF92A708618F75F90DC /* Pods_To_Do_List.framework */,
			);
			name = Frameworks;
			sourceTree = "<group>";
		};
		F42260836843B5EFE0C39A16 /* Pods */ = {
			isa = PBXGroup;
			children = (
				E15DA79BBAA640636C0B0E82 /* Pods-To Do List.debug.xcconfig */,
				3C39DA88A49FDF2DDFBB4539 /* Pods-To Do List.release.xcconfig */,
			);
			name = Pods;
			sourceTree = "<group>";
		};
/* End PBXGroup section */

/* Begin PBXNativeTarget section */
		0CE5F66C2156A93300056717 /* To Do List */ = {
			isa = PBXNativeTarget;
			buildConfigurationList = 0CE5F67F2156A93400056717 /* Build configuration list for PBXNativeTarget "To Do List" */;
			buildPhases = (
				CB50C2C9E58E50827B4A71BC /* [CP] Check Pods Manifest.lock */,
				0CE5F6692156A93300056717 /* Sources */,
				0CE5F66A2156A93300056717 /* Frameworks */,
				0CE5F66B2156A93300056717 /* Resources */,
				E99CCF9BA61DD71E0B48A978 /* [CP] Embed Pods Frameworks */,
			);
			buildRules = (
			);
			dependencies = (
			);
			name = "To Do List";
			productName = "To Do List";
			productReference = 0CE5F66D2156A93300056717 /* To Do List.app */;
			productType = "com.apple.product-type.application";
		};
/* End PBXNativeTarget section */

/* Begin PBXProject section */
		0CE5F6652156A93300056717 /* Project object */ = {
			isa = PBXProject;
			attributes = {
				LastSwiftUpdateCheck = 1000;
				LastUpgradeCheck = 1000;
				ORGANIZATIONNAME = Sultani;
				TargetAttributes = {
					0CE5F66C2156A93300056717 = {
						CreatedOnToolsVersion = 10.0;
					};
				};
			};
			buildConfigurationList = 0CE5F6682156A93300056717 /* Build configuration list for PBXProject "To Do List" */;
			compatibilityVersion = "Xcode 9.3";
			developmentRegion = en;
			hasScannedForEncodings = 0;
			knownRegions = (
				en,
				Base,
			);
			mainGroup = 0CE5F6642156A93300056717;
			productRefGroup = 0CE5F66E2156A93300056717 /* Products */;
			projectDirPath = "";
			projectRoot = "";
			targets = (
				0CE5F66C2156A93300056717 /* To Do List */,
			);
		};
/* End PBXProject section */

/* Begin PBXResourcesBuildPhase section */
		0CE5F66B2156A93300056717 /* Resources */ = {
			isa = PBXResourcesBuildPhase;
			buildActionMask = 2147483647;
			files = (
				0CE5F67B2156A93400056717 /* LaunchScreen.storyboard in Resources */,
				0CE5F6782156A93400056717 /* Assets.xcassets in Resources */,
				0CE5F6762156A93300056717 /* Main.storyboard in Resources */,
			);
			runOnlyForDeploymentPostprocessing = 0;
		};
/* End PBXResourcesBuildPhase section */

/* Begin PBXShellScriptBuildPhase section */
		CB50C2C9E58E50827B4A71BC /* [CP] Check Pods Manifest.lock */ = {
			isa = PBXShellScriptBuildPhase;
			buildActionMask = 2147483647;
			files = (
			);
			inputFileListPaths = (
			);
			inputPaths = (
				"${PODS_PODFILE_DIR_PATH}/Podfile.lock",
				"${PODS_ROOT}/Manifest.lock",
			);
			name = "[CP] Check Pods Manifest.lock";
			outputFileListPaths = (
			);
			outputPaths = (
				"$(DERIVED_FILE_DIR)/Pods-To Do List-checkManifestLockResult.txt",
			);
			runOnlyForDeploymentPostprocessing = 0;
			shellPath = /bin/sh;
			shellScript = "diff \"${PODS_PODFILE_DIR_PATH}/Podfile.lock\" \"${PODS_ROOT}/Manifest.lock\" > /dev/null\nif [ $? != 0 ] ; then\n    # print error to STDERR\n    echo \"error: The sandbox is not in sync with the Podfile.lock. Run 'pod install' or update your CocoaPods installation.\" >&2\n    exit 1\nfi\n# This output is used by Xcode 'outputs' to avoid re-running this script phase.\necho \"SUCCESS\" > \"${SCRIPT_OUTPUT_FILE_0}\"\n";
			showEnvVarsInLog = 0;
		};
		E99CCF9BA61DD71E0B48A978 /* [CP] Embed Pods Frameworks */ = {
			isa = PBXShellScriptBuildPhase;
			buildActionMask = 2147483647;
			files = (
			);
			inputFileListPaths = (
			);
			inputPaths = (
				"${SRCROOT}/Pods/Target Support Files/Pods-To Do List/Pods-To Do List-frameworks.sh",
				"${BUILT_PRODUCTS_DIR}/ChameleonFramework/ChameleonFramework.framework",
				"${BUILT_PRODUCTS_DIR}/Realm/Realm.framework",
				"${BUILT_PRODUCTS_DIR}/RealmSwift/RealmSwift.framework",
				"${BUILT_PRODUCTS_DIR}/SwipeCellKit/SwipeCellKit.framework",
			);
			name = "[CP] Embed Pods Frameworks";
			outputFileListPaths = (
			);
			outputPaths = (
				"${TARGET_BUILD_DIR}/${FRAMEWORKS_FOLDER_PATH}/ChameleonFramework.framework",
				"${TARGET_BUILD_DIR}/${FRAMEWORKS_FOLDER_PATH}/Realm.framework",
				"${TARGET_BUILD_DIR}/${FRAMEWORKS_FOLDER_PATH}/RealmSwift.framework",
				"${TARGET_BUILD_DIR}/${FRAMEWORKS_FOLDER_PATH}/SwipeCellKit.framework",
			);
			runOnlyForDeploymentPostprocessing = 0;
			shellPath = /bin/sh;
			shellScript = "\"${SRCROOT}/Pods/Target Support Files/Pods-To Do List/Pods-To Do List-frameworks.sh\"\n";
			showEnvVarsInLog = 0;
		};
/* End PBXShellScriptBuildPhase section */

/* Begin PBXSourcesBuildPhase section */
		0CE5F6692156A93300056717 /* Sources */ = {
			isa = PBXSourcesBuildPhase;
			buildActionMask = 2147483647;
			files = (
				0CE5F6712156A93300056717 /* AppDelegate.swift in Sources */,
				0C7C86B221587378008F1F91 /* Category.swift in Sources */,
				0CE5F6832156ADFF00056717 /* TodoListTableViewController.swift in Sources */,
				0C7C86B42158737F008F1F91 /* Item.swift in Sources */,
				0CBA39582159C8CE002D0038 /* SwipeTableViewController.swift in Sources */,
				0C3ABBA421582D1C00AA60AC /* CategoryTableViewController.swift in Sources */,
			);
			runOnlyForDeploymentPostprocessing = 0;
		};
/* End PBXSourcesBuildPhase section */

/* Begin PBXVariantGroup section */
		0CE5F6742156A93300056717 /* Main.storyboard */ = {
			isa = PBXVariantGroup;
			children = (
				0CE5F6752156A93300056717 /* Base */,
			);
			name = Main.storyboard;
			sourceTree = "<group>";
		};
		0CE5F6792156A93400056717 /* LaunchScreen.storyboard */ = {
			isa = PBXVariantGroup;
			children = (
				0CE5F67A2156A93400056717 /* Base */,
			);
			name = LaunchScreen.storyboard;
			sourceTree = "<group>";
		};
/* End PBXVariantGroup section */

/* Begin XCBuildConfiguration section */
		0CE5F67D2156A93400056717 /* Debug */ = {
			isa = XCBuildConfiguration;
			buildSettings = {
				ALWAYS_SEARCH_USER_PATHS = NO;
				CLANG_ANALYZER_NONNULL = YES;
				CLANG_ANALYZER_NUMBER_OBJECT_CONVERSION = YES_AGGRESSIVE;
				CLANG_CXX_LANGUAGE_STANDARD = "gnu++14";
				CLANG_CXX_LIBRARY = "libc++";
				CLANG_ENABLE_MODULES = YES;
				CLANG_ENABLE_OBJC_ARC = YES;
				CLANG_ENABLE_OBJC_WEAK = YES;
				CLANG_WARN_BLOCK_CAPTURE_AUTORELEASING = YES;
				CLANG_WARN_BOOL_CONVERSION = YES;
				CLANG_WARN_COMMA = YES;
				CLANG_WARN_CONSTANT_CONVERSION = YES;
				CLANG_WARN_DEPRECATED_OBJC_IMPLEMENTATIONS = YES;
				CLANG_WARN_DIRECT_OBJC_ISA_USAGE = YES_ERROR;
				CLANG_WARN_DOCUMENTATION_COMMENTS = YES;
				CLANG_WARN_EMPTY_BODY = YES;
				CLANG_WARN_ENUM_CONVERSION = YES;
				CLANG_WARN_INFINITE_RECURSION = YES;
				CLANG_WARN_INT_CONVERSION = YES;
				CLANG_WARN_NON_LITERAL_NULL_CONVERSION = YES;
				CLANG_WARN_OBJC_IMPLICIT_RETAIN_SELF = YES;
				CLANG_WARN_OBJC_LITERAL_CONVERSION = YES;
				CLANG_WARN_OBJC_ROOT_CLASS = YES_ERROR;
				CLANG_WARN_RANGE_LOOP_ANALYSIS = YES;
				CLANG_WARN_STRICT_PROTOTYPES = YES;
				CLANG_WARN_SUSPICIOUS_MOVE = YES;
				CLANG_WARN_UNGUARDED_AVAILABILITY = YES_AGGRESSIVE;
				CLANG_WARN_UNREACHABLE_CODE = YES;
				CLANG_WARN__DUPLICATE_METHOD_MATCH = YES;
				CODE_SIGN_IDENTITY = "iPhone Developer";
				COPY_PHASE_STRIP = NO;
				DEBUG_INFORMATION_FORMAT = dwarf;
				ENABLE_STRICT_OBJC_MSGSEND = YES;
				ENABLE_TESTABILITY = YES;
				GCC_C_LANGUAGE_STANDARD = gnu11;
				GCC_DYNAMIC_NO_PIC = NO;
				GCC_NO_COMMON_BLOCKS = YES;
				GCC_OPTIMIZATION_LEVEL = 0;
				GCC_PREPROCESSOR_DEFINITIONS = (
					"DEBUG=1",
					"$(inherited)",
				);
				GCC_WARN_64_TO_32_BIT_CONVERSION = YES;
				GCC_WARN_ABOUT_RETURN_TYPE = YES_ERROR;
				GCC_WARN_UNDECLARED_SELECTOR = YES;
				GCC_WARN_UNINITIALIZED_AUTOS = YES_AGGRESSIVE;
				GCC_WARN_UNUSED_FUNCTION = YES;
				GCC_WARN_UNUSED_VARIABLE = YES;
				IPHONEOS_DEPLOYMENT_TARGET = 12.0;
				MTL_ENABLE_DEBUG_INFO = INCLUDE_SOURCE;
				MTL_FAST_MATH = YES;
				ONLY_ACTIVE_ARCH = YES;
				SDKROOT = iphoneos;
				SWIFT_ACTIVE_COMPILATION_CONDITIONS = DEBUG;
				SWIFT_OPTIMIZATION_LEVEL = "-Onone";
			};
			name = Debug;
		};
		0CE5F67E2156A93400056717 /* Release */ = {
			isa = XCBuildConfiguration;
			buildSettings = {
				ALWAYS_SEARCH_USER_PATHS = NO;
				CLANG_ANALYZER_NONNULL = YES;
				CLANG_ANALYZER_NUMBER_OBJECT_CONVERSION = YES_AGGRESSIVE;
				CLANG_CXX_LANGUAGE_STANDARD = "gnu++14";
				CLANG_CXX_LIBRARY = "libc++";
				CLANG_ENABLE_MODULES = YES;
				CLANG_ENABLE_OBJC_ARC = YES;
				CLANG_ENABLE_OBJC_WEAK = YES;
				CLANG_WARN_BLOCK_CAPTURE_AUTORELEASING = YES;
				CLANG_WARN_BOOL_CONVERSION = YES;
				CLANG_WARN_COMMA = YES;
				CLANG_WARN_CONSTANT_CONVERSION = YES;
				CLANG_WARN_DEPRECATED_OBJC_IMPLEMENTATIONS = YES;
				CLANG_WARN_DIRECT_OBJC_ISA_USAGE = YES_ERROR;
				CLANG_WARN_DOCUMENTATION_COMMENTS = YES;
				CLANG_WARN_EMPTY_BODY = YES;
				CLANG_WARN_ENUM_CONVERSION = YES;
				CLANG_WARN_INFINITE_RECURSION = YES;
				CLANG_WARN_INT_CONVERSION = YES;
				CLANG_WARN_NON_LITERAL_NULL_CONVERSION = YES;
				CLANG_WARN_OBJC_IMPLICIT_RETAIN_SELF = YES;
				CLANG_WARN_OBJC_LITERAL_CONVERSION = YES;
				CLANG_WARN_OBJC_ROOT_CLASS = YES_ERROR;
				CLANG_WARN_RANGE_LOOP_ANALYSIS = YES;
				CLANG_WARN_STRICT_PROTOTYPES = YES;
				CLANG_WARN_SUSPICIOUS_MOVE = YES;
				CLANG_WARN_UNGUARDED_AVAILABILITY = YES_AGGRESSIVE;
				CLANG_WARN_UNREACHABLE_CODE = YES;
				CLANG_WARN__DUPLICATE_METHOD_MATCH = YES;
				CODE_SIGN_IDENTITY = "iPhone Developer";
				COPY_PHASE_STRIP = NO;
				DEBUG_INFORMATION_FORMAT = "dwarf-with-dsym";
				ENABLE_NS_ASSERTIONS = NO;
				ENABLE_STRICT_OBJC_MSGSEND = YES;
				GCC_C_LANGUAGE_STANDARD = gnu11;
				GCC_NO_COMMON_BLOCKS = YES;
				GCC_WARN_64_TO_32_BIT_CONVERSION = YES;
				GCC_WARN_ABOUT_RETURN_TYPE = YES_ERROR;
				GCC_WARN_UNDECLARED_SELECTOR = YES;
				GCC_WARN_UNINITIALIZED_AUTOS = YES_AGGRESSIVE;
				GCC_WARN_UNUSED_FUNCTION = YES;
				GCC_WARN_UNUSED_VARIABLE = YES;
				IPHONEOS_DEPLOYMENT_TARGET = 12.0;
				MTL_ENABLE_DEBUG_INFO = NO;
				MTL_FAST_MATH = YES;
				SDKROOT = iphoneos;
				SWIFT_COMPILATION_MODE = wholemodule;
				SWIFT_OPTIMIZATION_LEVEL = "-O";
				VALIDATE_PRODUCT = YES;
			};
			name = Release;
		};
		0CE5F6802156A93400056717 /* Debug */ = {
			isa = XCBuildConfiguration;
			baseConfigurationReference = E15DA79BBAA640636C0B0E82 /* Pods-To Do List.debug.xcconfig */;
			buildSettings = {
				ASSETCATALOG_COMPILER_APPICON_NAME = AppIcon;
				CODE_SIGN_STYLE = Automatic;
				DEVELOPMENT_TEAM = HJ64Y9853R;
				INFOPLIST_FILE = "To Do List/Info.plist";
				LD_RUNPATH_SEARCH_PATHS = (
					"$(inherited)",
					"@executable_path/Frameworks",
				);
				PRODUCT_BUNDLE_IDENTIFIER = "com.sultani.To-Do-List";
				PRODUCT_NAME = "$(TARGET_NAME)";
				SWIFT_VERSION = 4.2;
				TARGETED_DEVICE_FAMILY = "1,2";
			};
			name = Debug;
		};
		0CE5F6812156A93400056717 /* Release */ = {
			isa = XCBuildConfiguration;
			baseConfigurationReference = 3C39DA88A49FDF2DDFBB4539 /* Pods-To Do List.release.xcconfig */;
			buildSettings = {
				ASSETCATALOG_COMPILER_APPICON_NAME = AppIcon;
				CODE_SIGN_STYLE = Automatic;
				DEVELOPMENT_TEAM = HJ64Y9853R;
				INFOPLIST_FILE = "To Do List/Info.plist";
				LD_RUNPATH_SEARCH_PATHS = (
					"$(inherited)",
					"@executable_path/Frameworks",
				);
				PRODUCT_BUNDLE_IDENTIFIER = "com.sultani.To-Do-List";
				PRODUCT_NAME = "$(TARGET_NAME)";
				SWIFT_VERSION = 4.2;
				TARGETED_DEVICE_FAMILY = "1,2";
			};
			name = Release;
		};
/* End XCBuildConfiguration section */

/* Begin XCConfigurationList section */
		0CE5F6682156A93300056717 /* Build configuration list for PBXProject "To Do List" */ = {
			isa = XCConfigurationList;
			buildConfigurations = (
				0CE5F67D2156A93400056717 /* Debug */,
				0CE5F67E2156A93400056717 /* Release */,
			);
			defaultConfigurationIsVisible = 0;
			defaultConfigurationName = Release;
		};
		0CE5F67F2156A93400056717 /* Build configuration list for PBXNativeTarget "To Do List" */ = {
			isa = XCConfigurationList;
			buildConfigurations = (
				0CE5F6802156A93400056717 /* Debug */,
				0CE5F6812156A93400056717 /* Release */,
			);
			defaultConfigurationIsVisible = 0;
			defaultConfigurationName = Release;
		};
/* End XCConfigurationList section */
	};
	rootObject = 0CE5F6652156A93300056717 /* Project object */;
}
